{
  "name": "node",
  "version": "1.0.0",
  "lockfileVersion": 1,
  "requires": true,
  "dependencies": {
    "microjob": {
      "version": "0.7.0",
      "resolved": "https://registry.npmjs.org/microjob/-/microjob-0.7.0.tgz",
      "integrity": "sha512-ofDpqaVEv67ymCYdCE8eIVMCJY0H/hAtGxYmi1pXjtNkLOM0UUuUDshA1YLdVFwPwwt5+SW9EbBtSfsNokf+PA=="
    }
  }
}
